// !$*UTF8*$!
{
	archiveVersion = 1;
	classes = {
	};
	objectVersion = 46;
	objects = {

/* Begin PBXBuildFile section */
		33B1D2821C699AE300BBD35A /* SoundManager.m in Sources */ = {isa = PBXBuildFile; fileRef = 33B1D2811C699AE300BBD35A /* SoundManager.m */; };
		33B1D3011C6AF4B300BBD35A /* AVFoundation.framework in Frameworks */ = {isa = PBXBuildFile; fileRef = 33B1D3001C6AF4B300BBD35A /* AVFoundation.framework */; };
		33B1D33A1C6B183F00BBD35A /* SoundBallView.m in Sources */ = {isa = PBXBuildFile; fileRef = 33B1D3391C6B183F00BBD35A /* SoundBallView.m */; };
		33C9866F1C685F7300F5F450 /* main.m in Sources */ = {isa = PBXBuildFile; fileRef = 33C9866E1C685F7300F5F450 /* main.m */; };
		33C986721C685F7300F5F450 /* AppDelegate.m in Sources */ = {isa = PBXBuildFile; fileRef = 33C986711C685F7300F5F450 /* AppDelegate.m */; };
		33C986751C685F7300F5F450 /* ViewController.m in Sources */ = {isa = PBXBuildFile; fileRef = 33C986741C685F7300F5F450 /* ViewController.m */; };
		33C986781C685F7300F5F450 /* Main.storyboard in Resources */ = {isa = PBXBuildFile; fileRef = 33C986761C685F7300F5F450 /* Main.storyboard */; };
		33C9867A1C685F7300F5F450 /* Assets.xcassets in Resources */ = {isa = PBXBuildFile; fileRef = 33C986791C685F7300F5F450 /* Assets.xcassets */; };
		33C9867D1C685F7300F5F450 /* LaunchScreen.storyboard in Resources */ = {isa = PBXBuildFile; fileRef = 33C9867B1C685F7300F5F450 /* LaunchScreen.storyboard */; };
		33EFD7AD1C6CFECB00FD3592 /* achievement.wav in Resources */ = {isa = PBXBuildFile; fileRef = 33EFD7931C6CFECB00FD3592 /* achievement.wav */; };
		33EFD7AE1C6CFECB00FD3592 /* ahh-nicely.mp3 in Resources */ = {isa = PBXBuildFile; fileRef = 33EFD7941C6CFECB00FD3592 /* ahh-nicely.mp3 */; };
		33EFD7AF1C6CFECB00FD3592 /* boo.mp3 in Resources */ = {isa = PBXBuildFile; fileRef = 33EFD7951C6CFECB00FD3592 /* boo.mp3 */; };
		33EFD7B01C6CFECB00FD3592 /* bubble.wav in Resources */ = {isa = PBXBuildFile; fileRef = 33EFD7961C6CFECB00FD3592 /* bubble.wav */; };
		33EFD7B11C6CFECB00FD3592 /* bubble1.wav in Resources */ = {isa = PBXBuildFile; fileRef = 33EFD7971C6CFECB00FD3592 /* bubble1.wav */; };
		33EFD7B21C6CFECB00FD3592 /* cake-full.aif in Resources */ = {isa = PBXBuildFile; fileRef = 33EFD7981C6CFECB00FD3592 /* cake-full.aif */; };
		33EFD7B31C6CFECB00FD3592 /* chat_incoming.mp3 in Resources */ = {isa = PBXBuildFile; fileRef = 33EFD7991C6CFECB00FD3592 /* chat_incoming.mp3 */; };
		33EFD7B41C6CFECB00FD3592 /* click0.mp3 in Resources */ = {isa = PBXBuildFile; fileRef = 33EFD79A1C6CFECB00FD3592 /* click0.mp3 */; };
		33EFD7B51C6CFECB00FD3592 /* click1.mp3 in Resources */ = {isa = PBXBuildFile; fileRef = 33EFD79B1C6CFECB00FD3592 /* click1.mp3 */; };
		33EFD7B61C6CFECB00FD3592 /* doom.mp3 in Resources */ = {isa = PBXBuildFile; fileRef = 33EFD79C1C6CFECB00FD3592 /* doom.mp3 */; };
		33EFD7B71C6CFECB00FD3592 /* drumroll.mp3 in Resources */ = {isa = PBXBuildFile; fileRef = 33EFD79D1C6CFECB00FD3592 /* drumroll.mp3 */; };
		33EFD7B81C6CFECB00FD3592 /* elevator-badspeakers.mp3 in Resources */ = {isa = PBXBuildFile; fileRef = 33EFD79E1C6CFECB00FD3592 /* elevator-badspeakers.mp3 */; };
		33EFD7B91C6CFECB00FD3592 /* gavel.mp3 in Resources */ = {isa = PBXBuildFile; fileRef = 33EFD79F1C6CFECB00FD3592 /* gavel.mp3 */; };
		33EFD7BA1C6CFECB00FD3592 /* ho.mp3 in Resources */ = {isa = PBXBuildFile; fileRef = 33EFD7A01C6CFECB00FD3592 /* ho.mp3 */; };
		33EFD7BB1C6CFECB00FD3592 /* laser-prep-reverse.mp3 in Resources */ = {isa = PBXBuildFile; fileRef = 33EFD7A11C6CFECB00FD3592 /* laser-prep-reverse.mp3 */; };
		33EFD7BC1C6CFECB00FD3592 /* laser-prep.mp3 in Resources */ = {isa = PBXBuildFile; fileRef = 33EFD7A21C6CFECB00FD3592 /* laser-prep.mp3 */; };
		33EFD7BD1C6CFECB00FD3592 /* ninja-sword.mp3 in Resources */ = {isa = PBXBuildFile; fileRef = 33EFD7A31C6CFECB00FD3592 /* ninja-sword.mp3 */; };
		33EFD7BE1C6CFECB00FD3592 /* ninja-whack.mp3 in Resources */ = {isa = PBXBuildFile; fileRef = 33EFD7A41C6CFECB00FD3592 /* ninja-whack.mp3 */; };
		33EFD7BF1C6CFECB00FD3592 /* ninja-whoosh.mp3 in Resources */ = {isa = PBXBuildFile; fileRef = 33EFD7A51C6CFECB00FD3592 /* ninja-whoosh.mp3 */; };
		33EFD7C01C6CFECB00FD3592 /* notice.mp3 in Resources */ = {isa = PBXBuildFile; fileRef = 33EFD7A61C6CFECB00FD3592 /* notice.mp3 */; };
		33EFD7C11C6CFECB00FD3592 /* sad-trombone.aiff in Resources */ = {isa = PBXBuildFile; fileRef = 33EFD7A71C6CFECB00FD3592 /* sad-trombone.aiff */; };
		33EFD7C21C6CFECB00FD3592 /* select-classic.wav in Resources */ = {isa = PBXBuildFile; fileRef = 33EFD7A81C6CFECB00FD3592 /* select-classic.wav */; };
		33EFD7C31C6CFECB00FD3592 /* small-applause.mp3 in Resources */ = {isa = PBXBuildFile; fileRef = 33EFD7A91C6CFECB00FD3592 /* small-applause.mp3 */; };
		33EFD7C41C6CFECB00FD3592 /* sonar.mp3 in Resources */ = {isa = PBXBuildFile; fileRef = 33EFD7AA1C6CFECB00FD3592 /* sonar.mp3 */; };
		33EFD7C51C6CFECB00FD3592 /* start-echo.mp3 in Resources */ = {isa = PBXBuildFile; fileRef = 33EFD7AB1C6CFECB00FD3592 /* start-echo.mp3 */; };
		33EFD7C61C6CFECB00FD3592 /* whoosh.mp3 in Resources */ = {isa = PBXBuildFile; fileRef = 33EFD7AC1C6CFECB00FD3592 /* whoosh.mp3 */; };
/* End PBXBuildFile section */

/* Begin PBXFileReference section */
		33B1D2801C699AC800BBD35A /* SoundManager.h */ = {isa = PBXFileReference; fileEncoding = 4; lastKnownFileType = sourcecode.c.h; path = SoundManager.h; sourceTree = SOURCE_ROOT; };
		33B1D2811C699AE300BBD35A /* SoundManager.m */ = {isa = PBXFileReference; fileEncoding = 4; lastKnownFileType = sourcecode.c.objc; path = SoundManager.m; sourceTree = SOURCE_ROOT; };
		33B1D3001C6AF4B300BBD35A /* AVFoundation.framework */ = {isa = PBXFileReference; lastKnownFileType = wrapper.framework; name = AVFoundation.framework; path = System/Library/Frameworks/AVFoundation.framework; sourceTree = SDKROOT; };
		33B1D3381C6B183F00BBD35A /* SoundBallView.h */ = {isa = PBXFileReference; fileEncoding = 4; lastKnownFileType = sourcecode.c.h; path = SoundBallView.h; sourceTree = "<group>"; };
		33B1D3391C6B183F00BBD35A /* SoundBallView.m */ = {isa = PBXFileReference; fileEncoding = 4; lastKnownFileType = sourcecode.c.objc; path = SoundBallView.m; sourceTree = "<group>"; };
		33C9866A1C685F7300F5F450 /* SoundMan.app */ = {isa = PBXFileReference; explicitFileType = wrapper.application; includeInIndex = 0; path = SoundMan.app; sourceTree = BUILT_PRODUCTS_DIR; };
		33C9866E1C685F7300F5F450 /* main.m */ = {isa = PBXFileReference; lastKnownFileType = sourcecode.c.objc; path = main.m; sourceTree = "<group>"; };
		33C986701C685F7300F5F450 /* AppDelegate.h */ = {isa = PBXFileReference; lastKnownFileType = sourcecode.c.h; path = AppDelegate.h; sourceTree = "<group>"; };
		33C986711C685F7300F5F450 /* AppDelegate.m */ = {isa = PBXFileReference; lastKnownFileType = sourcecode.c.objc; path = AppDelegate.m; sourceTree = "<group>"; };
		33C986731C685F7300F5F450 /* ViewController.h */ = {isa = PBXFileReference; lastKnownFileType = sourcecode.c.h; path = ViewController.h; sourceTree = "<group>"; };
		33C986741C685F7300F5F450 /* ViewController.m */ = {isa = PBXFileReference; lastKnownFileType = sourcecode.c.objc; path = ViewController.m; sourceTree = "<group>"; };
		33C986771C685F7300F5F450 /* Base */ = {isa = PBXFileReference; lastKnownFileType = file.storyboard; name = Base; path = Base.lproj/Main.storyboard; sourceTree = "<group>"; };
		33C986791C685F7300F5F450 /* Assets.xcassets */ = {isa = PBXFileReference; lastKnownFileType = folder.assetcatalog; path = Assets.xcassets; sourceTree = "<group>"; };
		33C9867C1C685F7300F5F450 /* Base */ = {isa = PBXFileReference; lastKnownFileType = file.storyboard; name = Base; path = Base.lproj/LaunchScreen.storyboard; sourceTree = "<group>"; };
		33C9867E1C685F7300F5F450 /* Info.plist */ = {isa = PBXFileReference; lastKnownFileType = text.plist.xml; path = Info.plist; sourceTree = "<group>"; };
		33EFD7931C6CFECB00FD3592 /* achievement.wav */ = {isa = PBXFileReference; lastKnownFileType = audio.wav; path = achievement.wav; sourceTree = "<group>"; };
		33EFD7941C6CFECB00FD3592 /* ahh-nicely.mp3 */ = {isa = PBXFileReference; lastKnownFileType = audio.mp3; path = "ahh-nicely.mp3"; sourceTree = "<group>"; };
		33EFD7951C6CFECB00FD3592 /* boo.mp3 */ = {isa = PBXFileReference; lastKnownFileType = audio.mp3; path = boo.mp3; sourceTree = "<group>"; };
		33EFD7961C6CFECB00FD3592 /* bubble.wav */ = {isa = PBXFileReference; lastKnownFileType = audio.wav; path = bubble.wav; sourceTree = "<group>"; };
		33EFD7971C6CFECB00FD3592 /* bubble1.wav */ = {isa = PBXFileReference; lastKnownFileType = audio.wav; path = bubble1.wav; sourceTree = "<group>"; };
		33EFD7981C6CFECB00FD3592 /* cake-full.aif */ = {isa = PBXFileReference; lastKnownFileType = file; path = "cake-full.aif"; sourceTree = "<group>"; };
		33EFD7991C6CFECB00FD3592 /* chat_incoming.mp3 */ = {isa = PBXFileReference; lastKnownFileType = audio.mp3; path = chat_incoming.mp3; sourceTree = "<group>"; };
		33EFD79A1C6CFECB00FD3592 /* click0.mp3 */ = {isa = PBXFileReference; lastKnownFileType = audio.mp3; path = click0.mp3; sourceTree = "<group>"; };
		33EFD79B1C6CFECB00FD3592 /* click1.mp3 */ = {isa = PBXFileReference; lastKnownFileType = audio.mp3; path = click1.mp3; sourceTree = "<group>"; };
		33EFD79C1C6CFECB00FD3592 /* doom.mp3 */ = {isa = PBXFileReference; lastKnownFileType = audio.mp3; path = doom.mp3; sourceTree = "<group>"; };
		33EFD79D1C6CFECB00FD3592 /* drumroll.mp3 */ = {isa = PBXFileReference; lastKnownFileType = audio.mp3; path = drumroll.mp3; sourceTree = "<group>"; };
		33EFD79E1C6CFECB00FD3592 /* elevator-badspeakers.mp3 */ = {isa = PBXFileReference; lastKnownFileType = audio.mp3; path = "elevator-badspeakers.mp3"; sourceTree = "<group>"; };
		33EFD79F1C6CFECB00FD3592 /* gavel.mp3 */ = {isa = PBXFileReference; lastKnownFileType = audio.mp3; path = gavel.mp3; sourceTree = "<group>"; };
		33EFD7A01C6CFECB00FD3592 /* ho.mp3 */ = {isa = PBXFileReference; lastKnownFileType = audio.mp3; path = ho.mp3; sourceTree = "<group>"; };
		33EFD7A11C6CFECB00FD3592 /* laser-prep-reverse.mp3 */ = {isa = PBXFileReference; lastKnownFileType = audio.mp3; path = "laser-prep-reverse.mp3"; sourceTree = "<group>"; };
		33EFD7A21C6CFECB00FD3592 /* laser-prep.mp3 */ = {isa = PBXFileReference; lastKnownFileType = audio.mp3; path = "laser-prep.mp3"; sourceTree = "<group>"; };
		33EFD7A31C6CFECB00FD3592 /* ninja-sword.mp3 */ = {isa = PBXFileReference; lastKnownFileType = audio.mp3; path = "ninja-sword.mp3"; sourceTree = "<group>"; };
		33EFD7A41C6CFECB00FD3592 /* ninja-whack.mp3 */ = {isa = PBXFileReference; lastKnownFileType = audio.mp3; path = "ninja-whack.mp3"; sourceTree = "<group>"; };
		33EFD7A51C6CFECB00FD3592 /* ninja-whoosh.mp3 */ = {isa = PBXFileReference; lastKnownFileType = audio.mp3; path = "ninja-whoosh.mp3"; sourceTree = "<group>"; };
		33EFD7A61C6CFECB00FD3592 /* notice.mp3 */ = {isa = PBXFileReference; lastKnownFileType = audio.mp3; path = notice.mp3; sourceTree = "<group>"; };
		33EFD7A71C6CFECB00FD3592 /* sad-trombone.aiff */ = {isa = PBXFileReference; lastKnownFileType = audio.aiff; path = "sad-trombone.aiff"; sourceTree = "<group>"; };
		33EFD7A81C6CFECB00FD3592 /* select-classic.wav */ = {isa = PBXFileReference; lastKnownFileType = audio.wav; path = "select-classic.wav"; sourceTree = "<group>"; };
		33EFD7A91C6CFECB00FD3592 /* small-applause.mp3 */ = {isa = PBXFileReference; lastKnownFileType = audio.mp3; path = "small-applause.mp3"; sourceTree = "<group>"; };
		33EFD7AA1C6CFECB00FD3592 /* sonar.mp3 */ = {isa = PBXFileReference; lastKnownFileType = audio.mp3; path = sonar.mp3; sourceTree = "<group>"; };
		33EFD7AB1C6CFECB00FD3592 /* start-echo.mp3 */ = {isa = PBXFileReference; lastKnownFileType = audio.mp3; path = "start-echo.mp3"; sourceTree = "<group>"; };
		33EFD7AC1C6CFECB00FD3592 /* whoosh.mp3 */ = {isa = PBXFileReference; lastKnownFileType = audio.mp3; path = whoosh.mp3; sourceTree = "<group>"; };
/* End PBXFileReference section */

/* Begin PBXFrameworksBuildPhase section */
		33C986671C685F7200F5F450 /* Frameworks */ = {
			isa = PBXFrameworksBuildPhase;
			buildActionMask = 2147483647;
			files = (
				33B1D3011C6AF4B300BBD35A /* AVFoundation.framework in Frameworks */,
			);
			runOnlyForDeploymentPostprocessing = 0;
		};
/* End PBXFrameworksBuildPhase section */

/* Begin PBXGroup section */
		33B1D33B1C6B188E00BBD35A /* Frameworks */ = {
			isa = PBXGroup;
			children = (
				33B1D3001C6AF4B300BBD35A /* AVFoundation.framework */,
			);
			name = Frameworks;
			sourceTree = "<group>";
		};
		33C986611C685F7200F5F450 = {
			isa = PBXGroup;
			children = (
				33C9866C1C685F7300F5F450 /* SoundMan */,
				33C9866B1C685F7300F5F450 /* Products */,
				33B1D33B1C6B188E00BBD35A /* Frameworks */,
			);
			sourceTree = "<group>";
		};
		33C9866B1C685F7300F5F450 /* Products */ = {
			isa = PBXGroup;
			children = (
				33C9866A1C685F7300F5F450 /* SoundMan.app */,
			);
			name = Products;
			sourceTree = "<group>";
		};
		33C9866C1C685F7300F5F450 /* SoundMan */ = {
			isa = PBXGroup;
			children = (
				33EFD7911C6CFEC300FD3592 /* sounds */,
				33C986701C685F7300F5F450 /* AppDelegate.h */,
				33C986711C685F7300F5F450 /* AppDelegate.m */,
				33C986791C685F7300F5F450 /* Assets.xcassets */,
				33C9867E1C685F7300F5F450 /* Info.plist */,
				33C9867B1C685F7300F5F450 /* LaunchScreen.storyboard */,
				33C986761C685F7300F5F450 /* Main.storyboard */,
				33B1D3381C6B183F00BBD35A /* SoundBallView.h */,
				33B1D3391C6B183F00BBD35A /* SoundBallView.m */,
				33B1D2801C699AC800BBD35A /* SoundManager.h */,
				33B1D2811C699AE300BBD35A /* SoundManager.m */,
				33C9866D1C685F7300F5F450 /* Supporting Files */,
				33C986731C685F7300F5F450 /* ViewController.h */,
				33C986741C685F7300F5F450 /* ViewController.m */,
			);
			path = SoundMan;
			sourceTree = "<group>";
		};
		33C9866D1C685F7300F5F450 /* Supporting Files */ = {
			isa = PBXGroup;
			children = (
				33C9866E1C685F7300F5F450 /* main.m */,
			);
			name = "Supporting Files";
			sourceTree = "<group>";
		};
		33EFD7911C6CFEC300FD3592 /* sounds */ = {
			isa = PBXGroup;
			children = (
				33EFD7921C6CFECB00FD3592 /* Sounds */,
			);
			name = sounds;
			sourceTree = "<group>";
		};
		33EFD7921C6CFECB00FD3592 /* Sounds */ = {
			isa = PBXGroup;
			children = (
				33EFD7931C6CFECB00FD3592 /* achievement.wav */,
				33EFD7941C6CFECB00FD3592 /* ahh-nicely.mp3 */,
				33EFD7951C6CFECB00FD3592 /* boo.mp3 */,
				33EFD7961C6CFECB00FD3592 /* bubble.wav */,
				33EFD7971C6CFECB00FD3592 /* bubble1.wav */,
				33EFD7981C6CFECB00FD3592 /* cake-full.aif */,
				33EFD7991C6CFECB00FD3592 /* chat_incoming.mp3 */,
				33EFD79A1C6CFECB00FD3592 /* click0.mp3 */,
				33EFD79B1C6CFECB00FD3592 /* click1.mp3 */,
				33EFD79C1C6CFECB00FD3592 /* doom.mp3 */,
				33EFD79D1C6CFECB00FD3592 /* drumroll.mp3 */,
				33EFD79E1C6CFECB00FD3592 /* elevator-badspeakers.mp3 */,
				33EFD79F1C6CFECB00FD3592 /* gavel.mp3 */,
				33EFD7A01C6CFECB00FD3592 /* ho.mp3 */,
				33EFD7A11C6CFECB00FD3592 /* laser-prep-reverse.mp3 */,
				33EFD7A21C6CFECB00FD3592 /* laser-prep.mp3 */,
				33EFD7A31C6CFECB00FD3592 /* ninja-sword.mp3 */,
				33EFD7A41C6CFECB00FD3592 /* ninja-whack.mp3 */,
				33EFD7A51C6CFECB00FD3592 /* ninja-whoosh.mp3 */,
				33EFD7A61C6CFECB00FD3592 /* notice.mp3 */,
				33EFD7A71C6CFECB00FD3592 /* sad-trombone.aiff */,
				33EFD7A81C6CFECB00FD3592 /* select-classic.wav */,
				33EFD7A91C6CFECB00FD3592 /* small-applause.mp3 */,
				33EFD7AA1C6CFECB00FD3592 /* sonar.mp3 */,
				33EFD7AB1C6CFECB00FD3592 /* start-echo.mp3 */,
				33EFD7AC1C6CFECB00FD3592 /* whoosh.mp3 */,
			);
			path = Sounds;
			sourceTree = SOURCE_ROOT;
		};
/* End PBXGroup section */

/* Begin PBXNativeTarget section */
		33C986691C685F7200F5F450 /* SoundMan */ = {
			isa = PBXNativeTarget;
			buildConfigurationList = 33C986811C685F7300F5F450 /* Build configuration list for PBXNativeTarget "SoundMan" */;
			buildPhases = (
				33C986661C685F7200F5F450 /* Sources */,
				33C986671C685F7200F5F450 /* Frameworks */,
				33C986681C685F7200F5F450 /* Resources */,
			);
			buildRules = (
			);
			dependencies = (
			);
			name = SoundMan;
			productName = SoundMan;
			productReference = 33C9866A1C685F7300F5F450 /* SoundMan.app */;
			productType = "com.apple.product-type.application";
		};
/* End PBXNativeTarget section */

/* Begin PBXProject section */
		33C986621C685F7200F5F450 /* Project object */ = {
			isa = PBXProject;
			attributes = {
				LastUpgradeCheck = 0720;
				ORGANIZATIONNAME = "Josh Levine";
				TargetAttributes = {
					33C986691C685F7200F5F450 = {
						CreatedOnToolsVersion = 7.2;
						DevelopmentTeam = J353EV7GXF;
					};
				};
			};
			buildConfigurationList = 33C986651C685F7200F5F450 /* Build configuration list for PBXProject "SoundMan" */;
			compatibilityVersion = "Xcode 3.2";
			developmentRegion = English;
			hasScannedForEncodings = 0;
			knownRegions = (
				en,
				Base,
			);
			mainGroup = 33C986611C685F7200F5F450;
			productRefGroup = 33C9866B1C685F7300F5F450 /* Products */;
			projectDirPath = "";
			projectRoot = "";
			targets = (
				33C986691C685F7200F5F450 /* SoundMan */,
			);
		};
/* End PBXProject section */

/* Begin PBXResourcesBuildPhase section */
		33C986681C685F7200F5F450 /* Resources */ = {
			isa = PBXResourcesBuildPhase;
			buildActionMask = 2147483647;
			files = (
				33EFD7BE1C6CFECB00FD3592 /* ninja-whack.mp3 in Resources */,
				33EFD7BC1C6CFECB00FD3592 /* laser-prep.mp3 in Resources */,
				33EFD7AD1C6CFECB00FD3592 /* achievement.wav in Resources */,
				33EFD7C21C6CFECB00FD3592 /* select-classic.wav in Resources */,
				33C9867D1C685F7300F5F450 /* LaunchScreen.storyboard in Resources */,
				33EFD7C61C6CFECB00FD3592 /* whoosh.mp3 in Resources */,
				33C9867A1C685F7300F5F450 /* Assets.xcassets in Resources */,
				33EFD7B51C6CFECB00FD3592 /* click1.mp3 in Resources */,
				33EFD7C01C6CFECB00FD3592 /* notice.mp3 in Resources */,
				33EFD7B21C6CFECB00FD3592 /* cake-full.aif in Resources */,
				33EFD7C31C6CFECB00FD3592 /* small-applause.mp3 in Resources */,
				33EFD7AF1C6CFECB00FD3592 /* boo.mp3 in Resources */,
				33EFD7BA1C6CFECB00FD3592 /* ho.mp3 in Resources */,
				33EFD7B91C6CFECB00FD3592 /* gavel.mp3 in Resources */,
				33EFD7BD1C6CFECB00FD3592 /* ninja-sword.mp3 in Resources */,
				33EFD7B11C6CFECB00FD3592 /* bubble1.wav in Resources */,
				33EFD7B01C6CFECB00FD3592 /* bubble.wav in Resources */,
				33EFD7AE1C6CFECB00FD3592 /* ahh-nicely.mp3 in Resources */,
				33EFD7B61C6CFECB00FD3592 /* doom.mp3 in Resources */,
				33EFD7C51C6CFECB00FD3592 /* start-echo.mp3 in Resources */,
				33EFD7C11C6CFECB00FD3592 /* sad-trombone.aiff in Resources */,
				33EFD7C41C6CFECB00FD3592 /* sonar.mp3 in Resources */,
				33EFD7BB1C6CFECB00FD3592 /* laser-prep-reverse.mp3 in Resources */,
				33EFD7B31C6CFECB00FD3592 /* chat_incoming.mp3 in Resources */,
				33EFD7BF1C6CFECB00FD3592 /* ninja-whoosh.mp3 in Resources */,
				33EFD7B71C6CFECB00FD3592 /* drumroll.mp3 in Resources */,
				33EFD7B81C6CFECB00FD3592 /* elevator-badspeakers.mp3 in Resources */,
				33EFD7B41C6CFECB00FD3592 /* click0.mp3 in Resources */,
				33C986781C685F7300F5F450 /* Main.storyboard in Resources */,
			);
			runOnlyForDeploymentPostprocessing = 0;
		};
/* End PBXResourcesBuildPhase section */

/* Begin PBXSourcesBuildPhase section */
		33C986661C685F7200F5F450 /* Sources */ = {
			isa = PBXSourcesBuildPhase;
			buildActionMask = 2147483647;
			files = (
				33C986751C685F7300F5F450 /* ViewController.m in Sources */,
				33B1D2821C699AE300BBD35A /* SoundManager.m in Sources */,
				33C986721C685F7300F5F450 /* AppDelegate.m in Sources */,
				33C9866F1C685F7300F5F450 /* main.m in Sources */,
				33B1D33A1C6B183F00BBD35A /* SoundBallView.m in Sources */,
			);
			runOnlyForDeploymentPostprocessing = 0;
		};
/* End PBXSourcesBuildPhase section */

/* Begin PBXVariantGroup section */
		33C986761C685F7300F5F450 /* Main.storyboard */ = {
			isa = PBXVariantGroup;
			children = (
				33C986771C685F7300F5F450 /* Base */,
			);
			name = Main.storyboard;
			sourceTree = "<group>";
		};
		33C9867B1C685F7300F5F450 /* LaunchScreen.storyboard */ = {
			isa = PBXVariantGroup;
			children = (
				33C9867C1C685F7300F5F450 /* Base */,
			);
			name = LaunchScreen.storyboard;
			sourceTree = "<group>";
		};
/* End PBXVariantGroup section */

/* Begin XCBuildConfiguration section */
		33C9867F1C685F7300F5F450 /* Debug */ = {
			isa = XCBuildConfiguration;
			buildSettings = {
				ALWAYS_SEARCH_USER_PATHS = NO;
				CLANG_CXX_LANGUAGE_STANDARD = "gnu++0x";
				CLANG_CXX_LIBRARY = "libc++";
				CLANG_ENABLE_MODULES = YES;
				CLANG_ENABLE_OBJC_ARC = YES;
				CLANG_WARN_BOOL_CONVERSION = YES;
				CLANG_WARN_CONSTANT_CONVERSION = YES;
				CLANG_WARN_DIRECT_OBJC_ISA_USAGE = YES_ERROR;
				CLANG_WARN_EMPTY_BODY = YES;
				CLANG_WARN_ENUM_CONVERSION = YES;
				CLANG_WARN_INT_CONVERSION = YES;
				CLANG_WARN_OBJC_ROOT_CLASS = YES_ERROR;
				CLANG_WARN_UNREACHABLE_CODE = YES;
				CLANG_WARN__DUPLICATE_METHOD_MATCH = YES;
				"CODE_SIGN_IDENTITY[sdk=iphoneos*]" = "iPhone Developer";
				COPY_PHASE_STRIP = NO;
				DEBUG_INFORMATION_FORMAT = dwarf;
				ENABLE_STRICT_OBJC_MSGSEND = YES;
				ENABLE_TESTABILITY = YES;
				GCC_C_LANGUAGE_STANDARD = gnu99;
				GCC_DYNAMIC_NO_PIC = NO;
				GCC_NO_COMMON_BLOCKS = YES;
				GCC_OPTIMIZATION_LEVEL = 0;
				GCC_PREPROCESSOR_DEFINITIONS = (
					"DEBUG=1",
					"$(inherited)",
				);
				GCC_WARN_64_TO_32_BIT_CONVERSION = YES;
				GCC_WARN_ABOUT_RETURN_TYPE = YES_ERROR;
				GCC_WARN_UNDECLARED_SELECTOR = YES;
				GCC_WARN_UNINITIALIZED_AUTOS = YES_AGGRESSIVE;
				GCC_WARN_UNUSED_FUNCTION = YES;
				GCC_WARN_UNUSED_VARIABLE = YES;
				IPHONEOS_DEPLOYMENT_TARGET = 9.2;
				MTL_ENABLE_DEBUG_INFO = YES;
				ONLY_ACTIVE_ARCH = YES;
				SDKROOT = iphoneos;
			};
			name = Debug;
		};
		33C986801C685F7300F5F450 /* Release */ = {
			isa = XCBuildConfiguration;
			buildSettings = {
				ALWAYS_SEARCH_USER_PATHS = NO;
				CLANG_CXX_LANGUAGE_STANDARD = "gnu++0x";
				CLANG_CXX_LIBRARY = "libc++";
				CLANG_ENABLE_MODULES = YES;
				CLANG_ENABLE_OBJC_ARC = YES;
				CLANG_WARN_BOOL_CONVERSION = YES;
				CLANG_WARN_CONSTANT_CONVERSION = YES;
				CLANG_WARN_DIRECT_OBJC_ISA_USAGE = YES_ERROR;
				CLANG_WARN_EMPTY_BODY = YES;
				CLANG_WARN_ENUM_CONVERSION = YES;
				CLANG_WARN_INT_CONVERSION = YES;
				CLANG_WARN_OBJC_ROOT_CLASS = YES_ERROR;
				CLANG_WARN_UNREACHABLE_CODE = YES;
				CLANG_WARN__DUPLICATE_METHOD_MATCH = YES;
				"CODE_SIGN_IDENTITY[sdk=iphoneos*]" = "iPhone Developer";
				COPY_PHASE_STRIP = NO;
				DEBUG_INFORMATION_FORMAT = "dwarf-with-dsym";
				ENABLE_NS_ASSERTIONS = NO;
				ENABLE_STRICT_OBJC_MSGSEND = YES;
				GCC_C_LANGUAGE_STANDARD = gnu99;
				GCC_NO_COMMON_BLOCKS = YES;
				GCC_WARN_64_TO_32_BIT_CONVERSION = YES;
				GCC_WARN_ABOUT_RETURN_TYPE = YES_ERROR;
				GCC_WARN_UNDECLARED_SELECTOR = YES;
				GCC_WARN_UNINITIALIZED_AUTOS = YES_AGGRESSIVE;
				GCC_WARN_UNUSED_FUNCTION = YES;
				GCC_WARN_UNUSED_VARIABLE = YES;
				IPHONEOS_DEPLOYMENT_TARGET = 9.2;
				MTL_ENABLE_DEBUG_INFO = NO;
				SDKROOT = iphoneos;
				VALIDATE_PRODUCT = YES;
			};
			name = Release;
		};
		33C986821C685F7300F5F450 /* Debug */ = {
			isa = XCBuildConfiguration;
			buildSettings = {
				ASSETCATALOG_COMPILER_APPICON_NAME = AppIcon;
				CODE_SIGN_IDENTITY = "iPhone Developer";
				"CODE_SIGN_IDENTITY[sdk=iphoneos*]" = "iPhone Developer";
				INFOPLIST_FILE = SoundMan/Info.plist;
				IPHONEOS_DEPLOYMENT_TARGET = 7.0;
				LD_RUNPATH_SEARCH_PATHS = "$(inherited) @executable_path/Frameworks";
				PRODUCT_BUNDLE_IDENTIFIER = com.joshlevine.SoundMan;
				PRODUCT_NAME = "$(TARGET_NAME)";
				PROVISIONING_PROFILE = "";
				TARGETED_DEVICE_FAMILY = "1,2";
			};
			name = Debug;
		};
		33C986831C685F7300F5F450 /* Release */ = {
			isa = XCBuildConfiguration;
			buildSettings = {
				ASSETCATALOG_COMPILER_APPICON_NAME = AppIcon;
				CODE_SIGN_IDENTITY = "iPhone Developer";
				"CODE_SIGN_IDENTITY[sdk=iphoneos*]" = "iPhone Developer";
				INFOPLIST_FILE = SoundMan/Info.plist;
				IPHONEOS_DEPLOYMENT_TARGET = 7.0;
				LD_RUNPATH_SEARCH_PATHS = "$(inherited) @executable_path/Frameworks";
				PRODUCT_BUNDLE_IDENTIFIER = com.joshlevine.SoundMan;
				PRODUCT_NAME = "$(TARGET_NAME)";
				PROVISIONING_PROFILE = "";
				TARGETED_DEVICE_FAMILY = "1,2";
			};
			name = Release;
		};
/* End XCBuildConfiguration section */

/* Begin XCConfigurationList section */
		33C986651C685F7200F5F450 /* Build configuration list for PBXProject "SoundMan" */ = {
			isa = XCConfigurationList;
			buildConfigurations = (
				33C9867F1C685F7300F5F450 /* Debug */,
				33C986801C685F7300F5F450 /* Release */,
			);
			defaultConfigurationIsVisible = 0;
			defaultConfigurationName = Release;
		};
		33C986811C685F7300F5F450 /* Build configuration list for PBXNativeTarget "SoundMan" */ = {
			isa = XCConfigurationList;
			buildConfigurations = (
				33C986821C685F7300F5F450 /* Debug */,
				33C986831C685F7300F5F450 /* Release */,
			);
			defaultConfigurationIsVisible = 0;
			defaultConfigurationName = Release;
		};
/* End XCConfigurationList section */
	};
	rootObject = 33C986621C685F7200F5F450 /* Project object */;
}
